
Microsoft Visual Studio Solution File, Format Version 12.00
# Visual Studio Version 16
VisualStudioVersion = 16.0.30717.126
MinimumVisualStudioVersion = 10.0.40219.1
Project("{9A19103F-16F7-4668-BE54-9A1E7A4F7556}") = "Frozen", "Frozen\Frozen.csproj", "{9BDFBE97-C169-48AB-BACC-7678C729128D}"
EndProject
Project("{9A19103F-16F7-4668-BE54-9A1E7A4F7556}") = "Products", "Products\Products.csproj", "{96070A2F-E818-45F2-9A33-2316F0161555}"
EndProject
Project("{9A19103F-16F7-4668-BE54-9A1E7A4F7556}") = "Payments", "Payment\Payments.csproj", "{1B8E5812-2DBE-489D-949F-12FF059DF281}"
EndProject
Project("{9A19103F-16F7-4668-BE54-9A1E7A4F7556}") = "Orders", "Orders\Orders.csproj", "{875142C3-3D32-48A1-A15C-1171AE2DB525}"
EndProject
Project("{9A19103F-16F7-4668-BE54-9A1E7A4F7556}") = "Users", "Users\Users.csproj", "{AF171B15-6D40-4929-8E5B-07670E0E5645}"
EndProject
Project("{9A19103F-16F7-4668-BE54-9A1E7A4F7556}") = "Gateway", "Gateway\Gateway.csproj", "{1BE84391-EE77-4E0F-AC2A-DA5C0B77BA80}"
EndProject
Project("{9A19103F-16F7-4668-BE54-9A1E7A4F7556}") = "Users.UnitTest", "Users.UnitTest\Users.UnitTest.csproj", "{6732B35C-1490-4B3A-8CF2-EEBDF4D9799B}"
EndProject
Project("{FAE04EC0-301F-11D3-BF4B-00C04F79EFBC}") = "Products.UnitTest", "Products.UnitTest\Products.UnitTest.csproj", "{B3F2DBEE-E49F-4F6B-9139-9FE49DF4A4A6}"
EndProject
Global
	GlobalSection(SolutionConfigurationPlatforms) = preSolution
		Debug|Any CPU = Debug|Any CPU
		Release|Any CPU = Release|Any CPU
	EndGlobalSection
	GlobalSection(ProjectConfigurationPlatforms) = postSolution
		{9BDFBE97-C169-48AB-BACC-7678C729128D}.Debug|Any CPU.ActiveCfg = Debug|Any CPU
		{9BDFBE97-C169-48AB-BACC-7678C729128D}.Debug|Any CPU.Build.0 = Debug|Any CPU
		{9BDFBE97-C169-48AB-BACC-7678C729128D}.Release|Any CPU.ActiveCfg = Release|Any CPU
		{9BDFBE97-C169-48AB-BACC-7678C729128D}.Release|Any CPU.Build.0 = Release|Any CPU
		{96070A2F-E818-45F2-9A33-2316F0161555}.Debug|Any CPU.ActiveCfg = Debug|Any CPU
		{96070A2F-E818-45F2-9A33-2316F0161555}.Debug|Any CPU.Build.0 = Debug|Any CPU
		{96070A2F-E818-45F2-9A33-2316F0161555}.Release|Any CPU.ActiveCfg = Release|Any CPU
		{96070A2F-E818-45F2-9A33-2316F0161555}.Release|Any CPU.Build.0 = Release|Any CPU
		{1B8E5812-2DBE-489D-949F-12FF059DF281}.Debug|Any CPU.ActiveCfg = Debug|Any CPU
		{1B8E5812-2DBE-489D-949F-12FF059DF281}.Debug|Any CPU.Build.0 = Debug|Any CPU
		{1B8E5812-2DBE-489D-949F-12FF059DF281}.Release|Any CPU.ActiveCfg = Release|Any CPU
		{1B8E5812-2DBE-489D-949F-12FF059DF281}.Release|Any CPU.Build.0 = Release|Any CPU
		{875142C3-3D32-48A1-A15C-1171AE2DB525}.Debug|Any CPU.ActiveCfg = Debug|Any CPU
		{875142C3-3D32-48A1-A15C-1171AE2DB525}.Debug|Any CPU.Build.0 = Debug|Any CPU
		{875142C3-3D32-48A1-A15C-1171AE2DB525}.Release|Any CPU.ActiveCfg = Release|Any CPU
		{875142C3-3D32-48A1-A15C-1171AE2DB525}.Release|Any CPU.Build.0 = Release|Any CPU
		{AF171B15-6D40-4929-8E5B-07670E0E5645}.Debug|Any CPU.ActiveCfg = Debug|Any CPU
		{AF171B15-6D40-4929-8E5B-07670E0E5645}.Debug|Any CPU.Build.0 = Debug|Any CPU
		{AF171B15-6D40-4929-8E5B-07670E0E5645}.Release|Any CPU.ActiveCfg = Release|Any CPU
		{AF171B15-6D40-4929-8E5B-07670E0E5645}.Release|Any CPU.Build.0 = Release|Any CPU
		{1BE84391-EE77-4E0F-AC2A-DA5C0B77BA80}.Debug|Any CPU.ActiveCfg = Debug|Any CPU
		{1BE84391-EE77-4E0F-AC2A-DA5C0B77BA80}.Debug|Any CPU.Build.0 = Debug|Any CPU
		{1BE84391-EE77-4E0F-AC2A-DA5C0B77BA80}.Release|Any CPU.ActiveCfg = Release|Any CPU
		{1BE84391-EE77-4E0F-AC2A-DA5C0B77BA80}.Release|Any CPU.Build.0 = Release|Any CPU
		{6732B35C-1490-4B3A-8CF2-EEBDF4D9799B}.Debug|Any CPU.ActiveCfg = Debug|Any CPU
		{6732B35C-1490-4B3A-8CF2-EEBDF4D9799B}.Debug|Any CPU.Build.0 = Debug|Any CPU
		{6732B35C-1490-4B3A-8CF2-EEBDF4D9799B}.Release|Any CPU.ActiveCfg = Release|Any CPU
		{6732B35C-1490-4B3A-8CF2-EEBDF4D9799B}.Release|Any CPU.Build.0 = Release|Any CPU
		{B3F2DBEE-E49F-4F6B-9139-9FE49DF4A4A6}.Debug|Any CPU.ActiveCfg = Debug|Any CPU
		{B3F2DBEE-E49F-4F6B-9139-9FE49DF4A4A6}.Debug|Any CPU.Build.0 = Debug|Any CPU
		{B3F2DBEE-E49F-4F6B-9139-9FE49DF4A4A6}.Release|Any CPU.ActiveCfg = Release|Any CPU
		{B3F2DBEE-E49F-4F6B-9139-9FE49DF4A4A6}.Release|Any CPU.Build.0 = Release|Any CPU
	EndGlobalSection
	GlobalSection(SolutionProperties) = preSolution
		HideSolutionNode = FALSE
	EndGlobalSection
	GlobalSection(ExtensibilityGlobals) = postSolution
		SolutionGuid = {9E980301-C793-45D8-B9C8-5B48E48F35FA}
	EndGlobalSection
EndGlobal
